
Microsoft Visual Studio Solution File, Format Version 12.00
# Visual Studio 2017
Project("{FAE04EC0-301F-11D3-BF4B-00C04F79EFBC}") = "WANIC Research Project", "WANIC Research Project.csproj", "{B9A341FB-DFD5-0815-E382-3BF78E9F054B}"
EndProject
Global
	GlobalSection(SolutionConfigurationPlatforms) = preSolution
		Debug|Any CPU = Debug|Any CPU
		Release|Any CPU = Release|Any CPU
	EndGlobalSection
	GlobalSection(ProjectConfigurationPlatforms) = postSolution
		{B9A341FB-DFD5-0815-E382-3BF78E9F054B}.Debug|Any CPU.ActiveCfg = Debug|Any CPU
		{B9A341FB-DFD5-0815-E382-3BF78E9F054B}.Debug|Any CPU.Build.0 = Debug|Any CPU
		{B9A341FB-DFD5-0815-E382-3BF78E9F054B}.Release|Any CPU.ActiveCfg = Release|Any CPU
		{B9A341FB-DFD5-0815-E382-3BF78E9F054B}.Release|Any CPU.Build.0 = Release|Any CPU
	EndGlobalSection
	GlobalSection(SolutionProperties) = preSolution
		HideSolutionNode = FALSE
	EndGlobalSection
EndGlobal
